// !$*UTF8*$!
{
	archiveVersion = 1;
	classes = {
	};
	objectVersion = 50;
	objects = {

/* Begin PBXBuildFile section */
		A36363BA23224CDA00E47721 /* AppDelegate.m in Sources */ = {isa = PBXBuildFile; fileRef = A36363B923224CDA00E47721 /* AppDelegate.m */; };
		A36363BD23224CDA00E47721 /* ViewController.m in Sources */ = {isa = PBXBuildFile; fileRef = A36363BC23224CDA00E47721 /* ViewController.m */; };
		A36363C023224CDA00E47721 /* Main.storyboard in Resources */ = {isa = PBXBuildFile; fileRef = A36363BE23224CDA00E47721 /* Main.storyboard */; };
		A36363C223224CDD00E47721 /* Assets.xcassets in Resources */ = {isa = PBXBuildFile; fileRef = A36363C123224CDD00E47721 /* Assets.xcassets */; };
		A36363C523224CDD00E47721 /* LaunchScreen.storyboard in Resources */ = {isa = PBXBuildFile; fileRef = A36363C323224CDD00E47721 /* LaunchScreen.storyboard */; };
		A36363C823224CDD00E47721 /* main.m in Sources */ = {isa = PBXBuildFile; fileRef = A36363C723224CDD00E47721 /* main.m */; };
		A36363D223224CDD00E47721 /* CircleLayoutBallTests.m in Sources */ = {isa = PBXBuildFile; fileRef = A36363D123224CDD00E47721 /* CircleLayoutBallTests.m */; };
		A36363DD23224CDD00E47721 /* CircleLayoutBallUITests.m in Sources */ = {isa = PBXBuildFile; fileRef = A36363DC23224CDD00E47721 /* CircleLayoutBallUITests.m */; };
		A36363EC23224DA100E47721 /* CircleButtonModel.m in Sources */ = {isa = PBXBuildFile; fileRef = A36363EB23224DA100E47721 /* CircleButtonModel.m */; };
		A36363F023224E7400E47721 /* BMRoundButton.m in Sources */ = {isa = PBXBuildFile; fileRef = A36363EF23224E7400E47721 /* BMRoundButton.m */; };
/* End PBXBuildFile section */

/* Begin PBXContainerItemProxy section */
		A36363CE23224CDD00E47721 /* PBXContainerItemProxy */ = {
			isa = PBXContainerItemProxy;
			containerPortal = A36363AD23224CDA00E47721 /* Project object */;
			proxyType = 1;
			remoteGlobalIDString = A36363B423224CDA00E47721;
			remoteInfo = CircleLayoutBall;
		};
		A36363D923224CDD00E47721 /* PBXContainerItemProxy */ = {
			isa = PBXContainerItemProxy;
			containerPortal = A36363AD23224CDA00E47721 /* Project object */;
			proxyType = 1;
			remoteGlobalIDString = A36363B423224CDA00E47721;
			remoteInfo = CircleLayoutBall;
		};
/* End PBXContainerItemProxy section */

/* Begin PBXFileReference section */
		A36363B523224CDA00E47721 /* CircleLayoutBall.app */ = {isa = PBXFileReference; explicitFileType = wrapper.application; includeInIndex = 0; path = CircleLayoutBall.app; sourceTree = BUILT_PRODUCTS_DIR; };
		A36363B823224CDA00E47721 /* AppDelegate.h */ = {isa = PBXFileReference; lastKnownFileType = sourcecode.c.h; path = AppDelegate.h; sourceTree = "<group>"; };
		A36363B923224CDA00E47721 /* AppDelegate.m */ = {isa = PBXFileReference; lastKnownFileType = sourcecode.c.objc; path = AppDelegate.m; sourceTree = "<group>"; };
		A36363BB23224CDA00E47721 /* ViewController.h */ = {isa = PBXFileReference; lastKnownFileType = sourcecode.c.h; path = ViewController.h; sourceTree = "<group>"; };
		A36363BC23224CDA00E47721 /* ViewController.m */ = {isa = PBXFileReference; lastKnownFileType = sourcecode.c.objc; path = ViewController.m; sourceTree = "<group>"; };
		A36363BF23224CDA00E47721 /* Base */ = {isa = PBXFileReference; lastKnownFileType = file.storyboard; name = Base; path = Base.lproj/Main.storyboard; sourceTree = "<group>"; };
		A36363C123224CDD00E47721 /* Assets.xcassets */ = {isa = PBXFileReference; lastKnownFileType = folder.assetcatalog; path = Assets.xcassets; sourceTree = "<group>"; };
		A36363C423224CDD00E47721 /* Base */ = {isa = PBXFileReference; lastKnownFileType = file.storyboard; name = Base; path = Base.lproj/LaunchScreen.storyboard; sourceTree = "<group>"; };
		A36363C623224CDD00E47721 /* Info.plist */ = {isa = PBXFileReference; lastKnownFileType = text.plist.xml; path = Info.plist; sourceTree = "<group>"; };
		A36363C723224CDD00E47721 /* main.m */ = {isa = PBXFileReference; lastKnownFileType = sourcecode.c.objc; path = main.m; sourceTree = "<group>"; };
		A36363CD23224CDD00E47721 /* CircleLayoutBallTests.xctest */ = {isa = PBXFileReference; explicitFileType = wrapper.cfbundle; includeInIndex = 0; path = CircleLayoutBallTests.xctest; sourceTree = BUILT_PRODUCTS_DIR; };
		A36363D123224CDD00E47721 /* CircleLayoutBallTests.m */ = {isa = PBXFileReference; lastKnownFileType = sourcecode.c.objc; path = CircleLayoutBallTests.m; sourceTree = "<group>"; };
		A36363D323224CDD00E47721 /* Info.plist */ = {isa = PBXFileReference; lastKnownFileType = text.plist.xml; path = Info.plist; sourceTree = "<group>"; };
		A36363D823224CDD00E47721 /* CircleLayoutBallUITests.xctest */ = {isa = PBXFileReference; explicitFileType = wrapper.cfbundle; includeInIndex = 0; path = CircleLayoutBallUITests.xctest; sourceTree = BUILT_PRODUCTS_DIR; };
		A36363DC23224CDD00E47721 /* CircleLayoutBallUITests.m */ = {isa = PBXFileReference; lastKnownFileType = sourcecode.c.objc; path = CircleLayoutBallUITests.m; sourceTree = "<group>"; };
		A36363DE23224CDD00E47721 /* Info.plist */ = {isa = PBXFileReference; lastKnownFileType = text.plist.xml; path = Info.plist; sourceTree = "<group>"; };
		A36363EA23224DA100E47721 /* CircleButtonModel.h */ = {isa = PBXFileReference; fileEncoding = 4; lastKnownFileType = sourcecode.c.h; path = CircleButtonModel.h; sourceTree = "<group>"; };
		A36363EB23224DA100E47721 /* CircleButtonModel.m */ = {isa = PBXFileReference; fileEncoding = 4; lastKnownFileType = sourcecode.c.objc; path = CircleButtonModel.m; sourceTree = "<group>"; };
		A36363EE23224E7400E47721 /* BMRoundButton.h */ = {isa = PBXFileReference; fileEncoding = 4; lastKnownFileType = sourcecode.c.h; path = BMRoundButton.h; sourceTree = "<group>"; };
		A36363EF23224E7400E47721 /* BMRoundButton.m */ = {isa = PBXFileReference; fileEncoding = 4; lastKnownFileType = sourcecode.c.objc; path = BMRoundButton.m; sourceTree = "<group>"; };
/* End PBXFileReference section */

/* Begin PBXFrameworksBuildPhase section */
		A36363B223224CDA00E47721 /* Frameworks */ = {
			isa = PBXFrameworksBuildPhase;
			buildActionMask = 2147483647;
			files = (
			);
			runOnlyForDeploymentPostprocessing = 0;
		};
		A36363CA23224CDD00E47721 /* Frameworks */ = {
			isa = PBXFrameworksBuildPhase;
			buildActionMask = 2147483647;
			files = (
			);
			runOnlyForDeploymentPostprocessing = 0;
		};
		A36363D523224CDD00E47721 /* Frameworks */ = {
			isa = PBXFrameworksBuildPhase;
			buildActionMask = 2147483647;
			files = (
			);
			runOnlyForDeploymentPostprocessing = 0;
		};
/* End PBXFrameworksBuildPhase section */

/* Begin PBXGroup section */
		A36363AC23224CDA00E47721 = {
			isa = PBXGroup;
			children = (
				A36363B723224CDA00E47721 /* CircleLayoutBall */,
				A36363D023224CDD00E47721 /* CircleLayoutBallTests */,
				A36363DB23224CDD00E47721 /* CircleLayoutBallUITests */,
				A36363B623224CDA00E47721 /* Products */,
			);
			sourceTree = "<group>";
		};
		A36363B623224CDA00E47721 /* Products */ = {
			isa = PBXGroup;
			children = (
				A36363B523224CDA00E47721 /* CircleLayoutBall.app */,
				A36363CD23224CDD00E47721 /* CircleLayoutBallTests.xctest */,
				A36363D823224CDD00E47721 /* CircleLayoutBallUITests.xctest */,
			);
			name = Products;
			sourceTree = "<group>";
		};
		A36363B723224CDA00E47721 /* CircleLayoutBall */ = {
			isa = PBXGroup;
			children = (
				A36363B823224CDA00E47721 /* AppDelegate.h */,
				A36363B923224CDA00E47721 /* AppDelegate.m */,
				A36363BB23224CDA00E47721 /* ViewController.h */,
				A36363BC23224CDA00E47721 /* ViewController.m */,
				A36363EA23224DA100E47721 /* CircleButtonModel.h */,
				A36363EB23224DA100E47721 /* CircleButtonModel.m */,
				A36363ED23224E7400E47721 /* BMRoundButton */,
				A36363BE23224CDA00E47721 /* Main.storyboard */,
				A36363C123224CDD00E47721 /* Assets.xcassets */,
				A36363C323224CDD00E47721 /* LaunchScreen.storyboard */,
				A36363C623224CDD00E47721 /* Info.plist */,
				A36363C723224CDD00E47721 /* main.m */,
			);
			path = CircleLayoutBall;
			sourceTree = "<group>";
		};
		A36363D023224CDD00E47721 /* CircleLayoutBallTests */ = {
			isa = PBXGroup;
			children = (
				A36363D123224CDD00E47721 /* CircleLayoutBallTests.m */,
				A36363D323224CDD00E47721 /* Info.plist */,
			);
			path = CircleLayoutBallTests;
			sourceTree = "<group>";
		};
		A36363DB23224CDD00E47721 /* CircleLayoutBallUITests */ = {
			isa = PBXGroup;
			children = (
				A36363DC23224CDD00E47721 /* CircleLayoutBallUITests.m */,
				A36363DE23224CDD00E47721 /* Info.plist */,
			);
			path = CircleLayoutBallUITests;
			sourceTree = "<group>";
		};
		A36363ED23224E7400E47721 /* BMRoundButton */ = {
			isa = PBXGroup;
			children = (
				A36363EE23224E7400E47721 /* BMRoundButton.h */,
				A36363EF23224E7400E47721 /* BMRoundButton.m */,
			);
			path = BMRoundButton;
			sourceTree = "<group>";
		};
/* End PBXGroup section */

/* Begin PBXNativeTarget section */
		A36363B423224CDA00E47721 /* CircleLayoutBall */ = {
			isa = PBXNativeTarget;
			buildConfigurationList = A36363E123224CDD00E47721 /* Build configuration list for PBXNativeTarget "CircleLayoutBall" */;
			buildPhases = (
				A36363B123224CDA00E47721 /* Sources */,
				A36363B223224CDA00E47721 /* Frameworks */,
				A36363B323224CDA00E47721 /* Resources */,
			);
			buildRules = (
			);
			dependencies = (
			);
			name = CircleLayoutBall;
			productName = CircleLayoutBall;
			productReference = A36363B523224CDA00E47721 /* CircleLayoutBall.app */;
			productType = "com.apple.product-type.application";
		};
		A36363CC23224CDD00E47721 /* CircleLayoutBallTests */ = {
			isa = PBXNativeTarget;
			buildConfigurationList = A36363E423224CDD00E47721 /* Build configuration list for PBXNativeTarget "CircleLayoutBallTests" */;
			buildPhases = (
				A36363C923224CDD00E47721 /* Sources */,
				A36363CA23224CDD00E47721 /* Frameworks */,
				A36363CB23224CDD00E47721 /* Resources */,
			);
			buildRules = (
			);
			dependencies = (
				A36363CF23224CDD00E47721 /* PBXTargetDependency */,
			);
			name = CircleLayoutBallTests;
			productName = CircleLayoutBallTests;
			productReference = A36363CD23224CDD00E47721 /* CircleLayoutBallTests.xctest */;
			productType = "com.apple.product-type.bundle.unit-test";
		};
		A36363D723224CDD00E47721 /* CircleLayoutBallUITests */ = {
			isa = PBXNativeTarget;
			buildConfigurationList = A36363E723224CDD00E47721 /* Build configuration list for PBXNativeTarget "CircleLayoutBallUITests" */;
			buildPhases = (
				A36363D423224CDD00E47721 /* Sources */,
				A36363D523224CDD00E47721 /* Frameworks */,
				A36363D623224CDD00E47721 /* Resources */,
			);
			buildRules = (
			);
			dependencies = (
				A36363DA23224CDD00E47721 /* PBXTargetDependency */,
			);
			name = CircleLayoutBallUITests;
			productName = CircleLayoutBallUITests;
			productReference = A36363D823224CDD00E47721 /* CircleLayoutBallUITests.xctest */;
			productType = "com.apple.product-type.bundle.ui-testing";
		};
/* End PBXNativeTarget section */

/* Begin PBXProject section */
		A36363AD23224CDA00E47721 /* Project object */ = {
			isa = PBXProject;
			attributes = {
				LastUpgradeCheck = 1010;
				ORGANIZATIONNAME = GW;
				TargetAttributes = {
					A36363B423224CDA00E47721 = {
						CreatedOnToolsVersion = 10.1;
					};
					A36363CC23224CDD00E47721 = {
						CreatedOnToolsVersion = 10.1;
						TestTargetID = A36363B423224CDA00E47721;
					};
					A36363D723224CDD00E47721 = {
						CreatedOnToolsVersion = 10.1;
						TestTargetID = A36363B423224CDA00E47721;
					};
				};
			};
			buildConfigurationList = A36363B023224CDA00E47721 /* Build configuration list for PBXProject "CircleLayoutBall" */;
			compatibilityVersion = "Xcode 9.3";
			developmentRegion = en;
			hasScannedForEncodings = 0;
			knownRegions = (
				en,
				Base,
			);
			mainGroup = A36363AC23224CDA00E47721;
			productRefGroup = A36363B623224CDA00E47721 /* Products */;
			projectDirPath = "";
			projectRoot = "";
			targets = (
				A36363B423224CDA00E47721 /* CircleLayoutBall */,
				A36363CC23224CDD00E47721 /* CircleLayoutBallTests */,
				A36363D723224CDD00E47721 /* CircleLayoutBallUITests */,
			);
		};
/* End PBXProject section */

/* Begin PBXResourcesBuildPhase section */
		A36363B323224CDA00E47721 /* Resources */ = {
			isa = PBXResourcesBuildPhase;
			buildActionMask = 2147483647;
			files = (
				A36363C523224CDD00E47721 /* LaunchScreen.storyboard in Resources */,
				A36363C223224CDD00E47721 /* Assets.xcassets in Resources */,
				A36363C023224CDA00E47721 /* Main.storyboard in Resources */,
			);
			runOnlyForDeploymentPostprocessing = 0;
		};
		A36363CB23224CDD00E47721 /* Resources */ = {
			isa = PBXResourcesBuildPhase;
			buildActionMask = 2147483647;
			files = (
			);
			runOnlyForDeploymentPostprocessing = 0;
		};
		A36363D623224CDD00E47721 /* Resources */ = {
			isa = PBXResourcesBuildPhase;
			buildActionMask = 2147483647;
			files = (
			);
			runOnlyForDeploymentPostprocessing = 0;
		};
/* End PBXResourcesBuildPhase section */

/* Begin PBXSourcesBuildPhase section */
		A36363B123224CDA00E47721 /* Sources */ = {
			isa = PBXSourcesBuildPhase;
			buildActionMask = 2147483647;
			files = (
				A36363BD23224CDA00E47721 /* ViewController.m in Sources */,
				A36363EC23224DA100E47721 /* CircleButtonModel.m in Sources */,
				A36363C823224CDD00E47721 /* main.m in Sources */,
				A36363BA23224CDA00E47721 /* AppDelegate.m in Sources */,
				A36363F023224E7400E47721 /* BMRoundButton.m in Sources */,
			);
			runOnlyForDeploymentPostprocessing = 0;
		};
		A36363C923224CDD00E47721 /* Sources */ = {
			isa = PBXSourcesBuildPhase;
			buildActionMask = 2147483647;
			files = (
				A36363D223224CDD00E47721 /* CircleLayoutBallTests.m in Sources */,
			);
			runOnlyForDeploymentPostprocessing = 0;
		};
		A36363D423224CDD00E47721 /* Sources */ = {
			isa = PBXSourcesBuildPhase;
			buildActionMask = 2147483647;
			files = (
				A36363DD23224CDD00E47721 /* CircleLayoutBallUITests.m in Sources */,
			);
			runOnlyForDeploymentPostprocessing = 0;
		};
/* End PBXSourcesBuildPhase section */

/* Begin PBXTargetDependency section */
		A36363CF23224CDD00E47721 /* PBXTargetDependency */ = {
			isa = PBXTargetDependency;
			target = A36363B423224CDA00E47721 /* CircleLayoutBall */;
			targetProxy = A36363CE23224CDD00E47721 /* PBXContainerItemProxy */;
		};
		A36363DA23224CDD00E47721 /* PBXTargetDependency */ = {
			isa = PBXTargetDependency;
			target = A36363B423224CDA00E47721 /* CircleLayoutBall */;
			targetProxy = A36363D923224CDD00E47721 /* PBXContainerItemProxy */;
		};
/* End PBXTargetDependency section */

/* Begin PBXVariantGroup section */
		A36363BE23224CDA00E47721 /* Main.storyboard */ = {
			isa = PBXVariantGroup;
			children = (
				A36363BF23224CDA00E47721 /* Base */,
			);
			name = Main.storyboard;
			sourceTree = "<group>";
		};
		A36363C323224CDD00E47721 /* LaunchScreen.storyboard */ = {
			isa = PBXVariantGroup;
			children = (
				A36363C423224CDD00E47721 /* Base */,
			);
			name = LaunchScreen.storyboard;
			sourceTree = "<group>";
		};
/* End PBXVariantGroup section */

/* Begin XCBuildConfiguration section */
		A36363DF23224CDD00E47721 /* Debug */ = {
			isa = XCBuildConfiguration;
			buildSettings = {
				ALWAYS_SEARCH_USER_PATHS = NO;
				CLANG_ANALYZER_NONNULL = YES;
				CLANG_ANALYZER_NUMBER_OBJECT_CONVERSION = YES_AGGRESSIVE;
				CLANG_CXX_LANGUAGE_STANDARD = "gnu++14";
				CLANG_CXX_LIBRARY = "libc++";
				CLANG_ENABLE_MODULES = YES;
				CLANG_ENABLE_OBJC_ARC = YES;
				CLANG_ENABLE_OBJC_WEAK = YES;
				CLANG_WARN_BLOCK_CAPTURE_AUTORELEASING = YES;
				CLANG_WARN_BOOL_CONVERSION = YES;
				CLANG_WARN_COMMA = YES;
				CLANG_WARN_CONSTANT_CONVERSION = YES;
				CLANG_WARN_DEPRECATED_OBJC_IMPLEMENTATIONS = YES;
				CLANG_WARN_DIRECT_OBJC_ISA_USAGE = YES_ERROR;
				CLANG_WARN_DOCUMENTATION_COMMENTS = YES;
				CLANG_WARN_EMPTY_BODY = YES;
				CLANG_WARN_ENUM_CONVERSION = YES;
				CLANG_WARN_INFINITE_RECURSION = YES;
				CLANG_WARN_INT_CONVERSION = YES;
				CLANG_WARN_NON_LITERAL_NULL_CONVERSION = YES;
				CLANG_WARN_OBJC_IMPLICIT_RETAIN_SELF = YES;
				CLANG_WARN_OBJC_LITERAL_CONVERSION = YES;
				CLANG_WARN_OBJC_ROOT_CLASS = YES_ERROR;
				CLANG_WARN_RANGE_LOOP_ANALYSIS = YES;
				CLANG_WARN_STRICT_PROTOTYPES = YES;
				CLANG_WARN_SUSPICIOUS_MOVE = YES;
				CLANG_WARN_UNGUARDED_AVAILABILITY = YES_AGGRESSIVE;
				CLANG_WARN_UNREACHABLE_CODE = YES;
				CLANG_WARN__DUPLICATE_METHOD_MATCH = YES;
				CODE_SIGN_IDENTITY = "iPhone Developer";
				COPY_PHASE_STRIP = NO;
				DEBUG_INFORMATION_FORMAT = dwarf;
				ENABLE_STRICT_OBJC_MSGSEND = YES;
				ENABLE_TESTABILITY = YES;
				GCC_C_LANGUAGE_STANDARD = gnu11;
				GCC_DYNAMIC_NO_PIC = NO;
				GCC_NO_COMMON_BLOCKS = YES;
				GCC_OPTIMIZATION_LEVEL = 0;
				GCC_PREPROCESSOR_DEFINITIONS = (
					"DEBUG=1",
					"$(inherited)",
				);
				GCC_WARN_64_TO_32_BIT_CONVERSION = YES;
				GCC_WARN_ABOUT_RETURN_TYPE = YES_ERROR;
				GCC_WARN_UNDECLARED_SELECTOR = YES;
				GCC_WARN_UNINITIALIZED_AUTOS = YES_AGGRESSIVE;
				GCC_WARN_UNUSED_FUNCTION = YES;
				GCC_WARN_UNUSED_VARIABLE = YES;
				IPHONEOS_DEPLOYMENT_TARGET = 12.1;
				MTL_ENABLE_DEBUG_INFO = INCLUDE_SOURCE;
				MTL_FAST_MATH = YES;
				ONLY_ACTIVE_ARCH = YES;
				SDKROOT = iphoneos;
			};
			name = Debug;
		};
		A36363E023224CDD00E47721 /* Release */ = {
			isa = XCBuildConfiguration;
			buildSettings = {
				ALWAYS_SEARCH_USER_PATHS = NO;
				CLANG_ANALYZER_NONNULL = YES;
				CLANG_ANALYZER_NUMBER_OBJECT_CONVERSION = YES_AGGRESSIVE;
				CLANG_CXX_LANGUAGE_STANDARD = "gnu++14";
				CLANG_CXX_LIBRARY = "libc++";
				CLANG_ENABLE_MODULES = YES;
				CLANG_ENABLE_OBJC_ARC = YES;
				CLANG_ENABLE_OBJC_WEAK = YES;
				CLANG_WARN_BLOCK_CAPTURE_AUTORELEASING = YES;
				CLANG_WARN_BOOL_CONVERSION = YES;
				CLANG_WARN_COMMA = YES;
				CLANG_WARN_CONSTANT_CONVERSION = YES;
				CLANG_WARN_DEPRECATED_OBJC_IMPLEMENTATIONS = YES;
				CLANG_WARN_DIRECT_OBJC_ISA_USAGE = YES_ERROR;
				CLANG_WARN_DOCUMENTATION_COMMENTS = YES;
				CLANG_WARN_EMPTY_BODY = YES;
				CLANG_WARN_ENUM_CONVERSION = YES;
				CLANG_WARN_INFINITE_RECURSION = YES;
				CLANG_WARN_INT_CONVERSION = YES;
				CLANG_WARN_NON_LITERAL_NULL_CONVERSION = YES;
				CLANG_WARN_OBJC_IMPLICIT_RETAIN_SELF = YES;
				CLANG_WARN_OBJC_LITERAL_CONVERSION = YES;
				CLANG_WARN_OBJC_ROOT_CLASS = YES_ERROR;
				CLANG_WARN_RANGE_LOOP_ANALYSIS = YES;
				CLANG_WARN_STRICT_PROTOTYPES = YES;
				CLANG_WARN_SUSPICIOUS_MOVE = YES;
				CLANG_WARN_UNGUARDED_AVAILABILITY = YES_AGGRESSIVE;
				CLANG_WARN_UNREACHABLE_CODE = YES;
				CLANG_WARN__DUPLICATE_METHOD_MATCH = YES;
				CODE_SIGN_IDENTITY = "iPhone Developer";
				COPY_PHASE_STRIP = NO;
				DEBUG_INFORMATION_FORMAT = "dwarf-with-dsym";
				ENABLE_NS_ASSERTIONS = NO;
				ENABLE_STRICT_OBJC_MSGSEND = YES;
				GCC_C_LANGUAGE_STANDARD = gnu11;
				GCC_NO_COMMON_BLOCKS = YES;
				GCC_WARN_64_TO_32_BIT_CONVERSION = YES;
				GCC_WARN_ABOUT_RETURN_TYPE = YES_ERROR;
				GCC_WARN_UNDECLARED_SELECTOR = YES;
				GCC_WARN_UNINITIALIZED_AUTOS = YES_AGGRESSIVE;
				GCC_WARN_UNUSED_FUNCTION = YES;
				GCC_WARN_UNUSED_VARIABLE = YES;
				IPHONEOS_DEPLOYMENT_TARGET = 12.1;
				MTL_ENABLE_DEBUG_INFO = NO;
				MTL_FAST_MATH = YES;
				SDKROOT = iphoneos;
				VALIDATE_PRODUCT = YES;
			};
			name = Release;
		};
		A36363E223224CDD00E47721 /* Debug */ = {
			isa = XCBuildConfiguration;
			buildSettings = {
				ASSETCATALOG_COMPILER_APPICON_NAME = AppIcon;
				CODE_SIGN_STYLE = Automatic;
				DEVELOPMENT_TEAM = F8N4WWFQW4;
				INFOPLIST_FILE = CircleLayoutBall/Info.plist;
				LD_RUNPATH_SEARCH_PATHS = (
					"$(inherited)",
					"@executable_path/Frameworks",
				);
				PRODUCT_BUNDLE_IDENTIFIER = com.taihe.CircleLayoutBall;
				PRODUCT_NAME = "$(TARGET_NAME)";
				TARGETED_DEVICE_FAMILY = "1,2";
			};
			name = Debug;
		};
		A36363E323224CDD00E47721 /* Release */ = {
			isa = XCBuildConfiguration;
			buildSettings = {
				ASSETCATALOG_COMPILER_APPICON_NAME = AppIcon;
				CODE_SIGN_STYLE = Automatic;
				DEVELOPMENT_TEAM = F8N4WWFQW4;
				INFOPLIST_FILE = CircleLayoutBall/Info.plist;
				LD_RUNPATH_SEARCH_PATHS = (
					"$(inherited)",
					"@executable_path/Frameworks",
				);
				PRODUCT_BUNDLE_IDENTIFIER = com.taihe.CircleLayoutBall;
				PRODUCT_NAME = "$(TARGET_NAME)";
				TARGETED_DEVICE_FAMILY = "1,2";
			};
			name = Release;
		};
		A36363E523224CDD00E47721 /* Debug */ = {
			isa = XCBuildConfiguration;
			buildSettings = {
				BUNDLE_LOADER = "$(TEST_HOST)";
				CODE_SIGN_STYLE = Automatic;
				DEVELOPMENT_TEAM = F8N4WWFQW4;
				INFOPLIST_FILE = CircleLayoutBallTests/Info.plist;
				LD_RUNPATH_SEARCH_PATHS = (
					"$(inherited)",
					"@executable_path/Frameworks",
					"@loader_path/Frameworks",
				);
				PRODUCT_BUNDLE_IDENTIFIER = com.taihe.CircleLayoutBallTests;
				PRODUCT_NAME = "$(TARGET_NAME)";
				TARGETED_DEVICE_FAMILY = "1,2";
				TEST_HOST = "$(BUILT_PRODUCTS_DIR)/CircleLayoutBall.app/CircleLayoutBall";
			};
			name = Debug;
		};
		A36363E623224CDD00E47721 /* Release */ = {
			isa = XCBuildConfiguration;
			buildSettings = {
				BUNDLE_LOADER = "$(TEST_HOST)";
				CODE_SIGN_STYLE = Automatic;
				DEVELOPMENT_TEAM = F8N4WWFQW4;
				INFOPLIST_FILE = CircleLayoutBallTests/Info.plist;
				LD_RUNPATH_SEARCH_PATHS = (
					"$(inherited)",
					"@executable_path/Frameworks",
					"@loader_path/Frameworks",
				);
				PRODUCT_BUNDLE_IDENTIFIER = com.taihe.CircleLayoutBallTests;
				PRODUCT_NAME = "$(TARGET_NAME)";
				TARGETED_DEVICE_FAMILY = "1,2";
				TEST_HOST = "$(BUILT_PRODUCTS_DIR)/CircleLayoutBall.app/CircleLayoutBall";
			};
			name = Release;
		};
		A36363E823224CDD00E47721 /* Debug */ = {
			isa = XCBuildConfiguration;
			buildSettings = {
				CODE_SIGN_STYLE = Automatic;
				DEVELOPMENT_TEAM = F8N4WWFQW4;
				INFOPLIST_FILE = CircleLayoutBallUITests/Info.plist;
				LD_RUNPATH_SEARCH_PATHS = (
					"$(inherited)",
					"@executable_path/Frameworks",
					"@loader_path/Frameworks",
				);
				PRODUCT_BUNDLE_IDENTIFIER = com.taihe.CircleLayoutBallUITests;
				PRODUCT_NAME = "$(TARGET_NAME)";
				TARGETED_DEVICE_FAMILY = "1,2";
				TEST_TARGET_NAME = CircleLayoutBall;
			};
			name = Debug;
		};
		A36363E923224CDD00E47721 /* Release */ = {
			isa = XCBuildConfiguration;
			buildSettings = {
				CODE_SIGN_STYLE = Automatic;
				DEVELOPMENT_TEAM = F8N4WWFQW4;
				INFOPLIST_FILE = CircleLayoutBallUITests/Info.plist;
				LD_RUNPATH_SEARCH_PATHS = (
					"$(inherited)",
					"@executable_path/Frameworks",
					"@loader_path/Frameworks",
				);
				PRODUCT_BUNDLE_IDENTIFIER = com.taihe.CircleLayoutBallUITests;
				PRODUCT_NAME = "$(TARGET_NAME)";
				TARGETED_DEVICE_FAMILY = "1,2";
				TEST_TARGET_NAME = CircleLayoutBall;
			};
			name = Release;
		};
/* End XCBuildConfiguration section */

/* Begin XCConfigurationList section */
		A36363B023224CDA00E47721 /* Build configuration list for PBXProject "CircleLayoutBall" */ = {
			isa = XCConfigurationList;
			buildConfigurations = (
				A36363DF23224CDD00E47721 /* Debug */,
				A36363E023224CDD00E47721 /* Release */,
			);
			defaultConfigurationIsVisible = 0;
			defaultConfigurationName = Release;
		};
		A36363E123224CDD00E47721 /* Build configuration list for PBXNativeTarget "CircleLayoutBall" */ = {
			isa = XCConfigurationList;
			buildConfigurations = (
				A36363E223224CDD00E47721 /* Debug */,
				A36363E323224CDD00E47721 /* Release */,
			);
			defaultConfigurationIsVisible = 0;
			defaultConfigurationName = Release;
		};
		A36363E423224CDD00E47721 /* Build configuration list for PBXNativeTarget "CircleLayoutBallTests" */ = {
			isa = XCConfigurationList;
			buildConfigurations = (
				A36363E523224CDD00E47721 /* Debug */,
				A36363E623224CDD00E47721 /* Release */,
			);
			defaultConfigurationIsVisible = 0;
			defaultConfigurationName = Release;
		};
		A36363E723224CDD00E47721 /* Build configuration list for PBXNativeTarget "CircleLayoutBallUITests" */ = {
			isa = XCConfigurationList;
			buildConfigurations = (
				A36363E823224CDD00E47721 /* Debug */,
				A36363E923224CDD00E47721 /* Release */,
			);
			defaultConfigurationIsVisible = 0;
			defaultConfigurationName = Release;
		};
/* End XCConfigurationList section */
	};
	rootObject = A36363AD23224CDA00E47721 /* Project object */;
}
